# THIS IS AN AUTOGENERATED FILE. DO NOT EDIT THIS FILE DIRECTLY.
# yarn lockfile v1


"@vuepress/plugin-google-analytics@^1.4.0":
  version "1.4.0"
  resolved "https://registry.yarnpkg.com/@vuepress/plugin-google-analytics/-/plugin-google-analytics-1.4.0.tgz#0243da6ff80e47b1d41d0227cb8bcb040ebba90f"
  integrity sha512-Q3jTyNovy81vlqfCQ5MewYU2K/brn0DfhAlJJnelXdbYH7XRe1IA3hZCcQQO73rzIMA/HxIsMBWevs8jTQF3QA==
